<?xml version="1.0" encoding="UTF-8"?>
<CodeBlocks_project_file>
	<FileVersion major="1" minor="6"/>
	<Project>
		<Option title="wv17"/>
		<Option makefile_is_custom="1"/>
		<Option compiler="gcc"/>
		<Option virtualFolders="CMake Files\;"/>
		<Build>
			<Target title="all">
				<Option working_dir="/home/arne/CLionProjects/planner"/>
				<Option type="4"/>
				<MakeCommands>
					<Build command="/usr/bin/make -f &quot;/home/arne/CLionProjects/planner/Makefile&quot;  VERBOSE=1 all"/>
					<CompileFile command="/usr/bin/make -f &quot;/home/arne/CLionProjects/planner/Makefile&quot;  VERBOSE=1 &quot;$file&quot;"/>
					<Clean command="/usr/bin/make -f &quot;/home/arne/CLionProjects/planner/Makefile&quot;  VERBOSE=1 clean"/>
					<DistClean command="/usr/bin/make -f &quot;/home/arne/CLionProjects/planner/Makefile&quot;  VERBOSE=1 clean"/>
				</MakeCommands>
			</Target>
			<Target title="rebuild_cache">
				<Option working_dir="/home/arne/CLionProjects/planner"/>
				<Option type="4"/>
				<MakeCommands>
					<Build command="/usr/bin/make -f &quot;/home/arne/CLionProjects/planner/Makefile&quot;  VERBOSE=1 rebuild_cache"/>
					<CompileFile command="/usr/bin/make -f &quot;/home/arne/CLionProjects/planner/Makefile&quot;  VERBOSE=1 &quot;$file&quot;"/>
					<Clean command="/usr/bin/make -f &quot;/home/arne/CLionProjects/planner/Makefile&quot;  VERBOSE=1 clean"/>
					<DistClean command="/usr/bin/make -f &quot;/home/arne/CLionProjects/planner/Makefile&quot;  VERBOSE=1 clean"/>
				</MakeCommands>
			</Target>
			<Target title="csp_test">
				<Option output="/home/arne/CLionProjects/planner/csp_test" prefix_auto="0" extension_auto="0"/>
				<Option working_dir="/home/arne/CLionProjects/planner"/>
				<Option object_output="./"/>
				<Option type="1"/>
				<Option compiler="gcc"/>
				<Compiler>
					<Add directory="/home/arne/CLionProjects/planner/include/VAL"/>
				</Compiler>
				<MakeCommands>
					<Build command="/usr/bin/make -f &quot;/home/arne/CLionProjects/planner/Makefile&quot;  VERBOSE=1 csp_test"/>
					<CompileFile command="/usr/bin/make -f &quot;/home/arne/CLionProjects/planner/Makefile&quot;  VERBOSE=1 &quot;$file&quot;"/>
					<Clean command="/usr/bin/make -f &quot;/home/arne/CLionProjects/planner/Makefile&quot;  VERBOSE=1 clean"/>
					<DistClean command="/usr/bin/make -f &quot;/home/arne/CLionProjects/planner/Makefile&quot;  VERBOSE=1 clean"/>
				</MakeCommands>
			</Target>
			<Target title="csp_test/fast">
				<Option output="/home/arne/CLionProjects/planner/csp_test" prefix_auto="0" extension_auto="0"/>
				<Option working_dir="/home/arne/CLionProjects/planner"/>
				<Option object_output="./"/>
				<Option type="1"/>
				<Option compiler="gcc"/>
				<Compiler>
					<Add directory="/home/arne/CLionProjects/planner/include/VAL"/>
				</Compiler>
				<MakeCommands>
					<Build command="/usr/bin/make -f &quot;/home/arne/CLionProjects/planner/Makefile&quot;  VERBOSE=1 csp_test/fast"/>
					<CompileFile command="/usr/bin/make -f &quot;/home/arne/CLionProjects/planner/Makefile&quot;  VERBOSE=1 &quot;$file&quot;"/>
					<Clean command="/usr/bin/make -f &quot;/home/arne/CLionProjects/planner/Makefile&quot;  VERBOSE=1 clean"/>
					<DistClean command="/usr/bin/make -f &quot;/home/arne/CLionProjects/planner/Makefile&quot;  VERBOSE=1 clean"/>
				</MakeCommands>
			</Target>
			<Target title="parser_test">
				<Option output="/home/arne/CLionProjects/planner/parser_test" prefix_auto="0" extension_auto="0"/>
				<Option working_dir="/home/arne/CLionProjects/planner"/>
				<Option object_output="./"/>
				<Option type="1"/>
				<Option compiler="gcc"/>
				<Compiler>
					<Add directory="/home/arne/CLionProjects/planner/include/VAL"/>
				</Compiler>
				<MakeCommands>
					<Build command="/usr/bin/make -f &quot;/home/arne/CLionProjects/planner/Makefile&quot;  VERBOSE=1 parser_test"/>
					<CompileFile command="/usr/bin/make -f &quot;/home/arne/CLionProjects/planner/Makefile&quot;  VERBOSE=1 &quot;$file&quot;"/>
					<Clean command="/usr/bin/make -f &quot;/home/arne/CLionProjects/planner/Makefile&quot;  VERBOSE=1 clean"/>
					<DistClean command="/usr/bin/make -f &quot;/home/arne/CLionProjects/planner/Makefile&quot;  VERBOSE=1 clean"/>
				</MakeCommands>
			</Target>
			<Target title="parser_test/fast">
				<Option output="/home/arne/CLionProjects/planner/parser_test" prefix_auto="0" extension_auto="0"/>
				<Option working_dir="/home/arne/CLionProjects/planner"/>
				<Option object_output="./"/>
				<Option type="1"/>
				<Option compiler="gcc"/>
				<Compiler>
					<Add directory="/home/arne/CLionProjects/planner/include/VAL"/>
				</Compiler>
				<MakeCommands>
					<Build command="/usr/bin/make -f &quot;/home/arne/CLionProjects/planner/Makefile&quot;  VERBOSE=1 parser_test/fast"/>
					<CompileFile command="/usr/bin/make -f &quot;/home/arne/CLionProjects/planner/Makefile&quot;  VERBOSE=1 &quot;$file&quot;"/>
					<Clean command="/usr/bin/make -f &quot;/home/arne/CLionProjects/planner/Makefile&quot;  VERBOSE=1 clean"/>
					<DistClean command="/usr/bin/make -f &quot;/home/arne/CLionProjects/planner/Makefile&quot;  VERBOSE=1 clean"/>
				</MakeCommands>
			</Target>
			<Target title="edit_cache">
				<Option working_dir="/home/arne/CLionProjects/planner"/>
				<Option type="4"/>
				<MakeCommands>
					<Build command="/usr/bin/make -f &quot;/home/arne/CLionProjects/planner/Makefile&quot;  VERBOSE=1 edit_cache"/>
					<CompileFile command="/usr/bin/make -f &quot;/home/arne/CLionProjects/planner/Makefile&quot;  VERBOSE=1 &quot;$file&quot;"/>
					<Clean command="/usr/bin/make -f &quot;/home/arne/CLionProjects/planner/Makefile&quot;  VERBOSE=1 clean"/>
					<DistClean command="/usr/bin/make -f &quot;/home/arne/CLionProjects/planner/Makefile&quot;  VERBOSE=1 clean"/>
				</MakeCommands>
			</Target>
			<Target title="ourParser">
				<Option output="/home/arne/CLionProjects/planner/libourParser.a" prefix_auto="0" extension_auto="0"/>
				<Option working_dir="/home/arne/CLionProjects/planner"/>
				<Option object_output="./"/>
				<Option type="2"/>
				<Option compiler="gcc"/>
				<Compiler>
					<Add directory="/home/arne/CLionProjects/planner/include/VAL"/>
				</Compiler>
				<MakeCommands>
					<Build command="/usr/bin/make -f &quot;/home/arne/CLionProjects/planner/Makefile&quot;  VERBOSE=1 ourParser"/>
					<CompileFile command="/usr/bin/make -f &quot;/home/arne/CLionProjects/planner/Makefile&quot;  VERBOSE=1 &quot;$file&quot;"/>
					<Clean command="/usr/bin/make -f &quot;/home/arne/CLionProjects/planner/Makefile&quot;  VERBOSE=1 clean"/>
					<DistClean command="/usr/bin/make -f &quot;/home/arne/CLionProjects/planner/Makefile&quot;  VERBOSE=1 clean"/>
				</MakeCommands>
			</Target>
			<Target title="ourParser/fast">
				<Option output="/home/arne/CLionProjects/planner/libourParser.a" prefix_auto="0" extension_auto="0"/>
				<Option working_dir="/home/arne/CLionProjects/planner"/>
				<Option object_output="./"/>
				<Option type="2"/>
				<Option compiler="gcc"/>
				<Compiler>
					<Add directory="/home/arne/CLionProjects/planner/include/VAL"/>
				</Compiler>
				<MakeCommands>
					<Build command="/usr/bin/make -f &quot;/home/arne/CLionProjects/planner/Makefile&quot;  VERBOSE=1 ourParser/fast"/>
					<CompileFile command="/usr/bin/make -f &quot;/home/arne/CLionProjects/planner/Makefile&quot;  VERBOSE=1 &quot;$file&quot;"/>
					<Clean command="/usr/bin/make -f &quot;/home/arne/CLionProjects/planner/Makefile&quot;  VERBOSE=1 clean"/>
					<DistClean command="/usr/bin/make -f &quot;/home/arne/CLionProjects/planner/Makefile&quot;  VERBOSE=1 clean"/>
				</MakeCommands>
			</Target>
			<Target title="solver">
				<Option output="/home/arne/CLionProjects/planner/solver" prefix_auto="0" extension_auto="0"/>
				<Option working_dir="/home/arne/CLionProjects/planner"/>
				<Option object_output="./"/>
				<Option type="1"/>
				<Option compiler="gcc"/>
				<Compiler>
					<Add directory="/home/arne/CLionProjects/planner/include/VAL"/>
				</Compiler>
				<MakeCommands>
					<Build command="/usr/bin/make -f &quot;/home/arne/CLionProjects/planner/Makefile&quot;  VERBOSE=1 solver"/>
					<CompileFile command="/usr/bin/make -f &quot;/home/arne/CLionProjects/planner/Makefile&quot;  VERBOSE=1 &quot;$file&quot;"/>
					<Clean command="/usr/bin/make -f &quot;/home/arne/CLionProjects/planner/Makefile&quot;  VERBOSE=1 clean"/>
					<DistClean command="/usr/bin/make -f &quot;/home/arne/CLionProjects/planner/Makefile&quot;  VERBOSE=1 clean"/>
				</MakeCommands>
			</Target>
			<Target title="solver/fast">
				<Option output="/home/arne/CLionProjects/planner/solver" prefix_auto="0" extension_auto="0"/>
				<Option working_dir="/home/arne/CLionProjects/planner"/>
				<Option object_output="./"/>
				<Option type="1"/>
				<Option compiler="gcc"/>
				<Compiler>
					<Add directory="/home/arne/CLionProjects/planner/include/VAL"/>
				</Compiler>
				<MakeCommands>
					<Build command="/usr/bin/make -f &quot;/home/arne/CLionProjects/planner/Makefile&quot;  VERBOSE=1 solver/fast"/>
					<CompileFile command="/usr/bin/make -f &quot;/home/arne/CLionProjects/planner/Makefile&quot;  VERBOSE=1 &quot;$file&quot;"/>
					<Clean command="/usr/bin/make -f &quot;/home/arne/CLionProjects/planner/Makefile&quot;  VERBOSE=1 clean"/>
					<DistClean command="/usr/bin/make -f &quot;/home/arne/CLionProjects/planner/Makefile&quot;  VERBOSE=1 clean"/>
				</MakeCommands>
			</Target>
			<Target title="parser">
				<Option output="/home/arne/CLionProjects/planner/libparser.a" prefix_auto="0" extension_auto="0"/>
				<Option working_dir="/home/arne/CLionProjects/planner"/>
				<Option object_output="./"/>
				<Option type="2"/>
				<Option compiler="gcc"/>
				<Compiler>
					<Add directory="/home/arne/CLionProjects/planner/include/VAL"/>
				</Compiler>
				<MakeCommands>
					<Build command="/usr/bin/make -f &quot;/home/arne/CLionProjects/planner/Makefile&quot;  VERBOSE=1 parser"/>
					<CompileFile command="/usr/bin/make -f &quot;/home/arne/CLionProjects/planner/Makefile&quot;  VERBOSE=1 &quot;$file&quot;"/>
					<Clean command="/usr/bin/make -f &quot;/home/arne/CLionProjects/planner/Makefile&quot;  VERBOSE=1 clean"/>
					<DistClean command="/usr/bin/make -f &quot;/home/arne/CLionProjects/planner/Makefile&quot;  VERBOSE=1 clean"/>
				</MakeCommands>
			</Target>
			<Target title="parser/fast">
				<Option output="/home/arne/CLionProjects/planner/libparser.a" prefix_auto="0" extension_auto="0"/>
				<Option working_dir="/home/arne/CLionProjects/planner"/>
				<Option object_output="./"/>
				<Option type="2"/>
				<Option compiler="gcc"/>
				<Compiler>
					<Add directory="/home/arne/CLionProjects/planner/include/VAL"/>
				</Compiler>
				<MakeCommands>
					<Build command="/usr/bin/make -f &quot;/home/arne/CLionProjects/planner/Makefile&quot;  VERBOSE=1 parser/fast"/>
					<CompileFile command="/usr/bin/make -f &quot;/home/arne/CLionProjects/planner/Makefile&quot;  VERBOSE=1 &quot;$file&quot;"/>
					<Clean command="/usr/bin/make -f &quot;/home/arne/CLionProjects/planner/Makefile&quot;  VERBOSE=1 clean"/>
					<DistClean command="/usr/bin/make -f &quot;/home/arne/CLionProjects/planner/Makefile&quot;  VERBOSE=1 clean"/>
				</MakeCommands>
			</Target>
		</Build>
		<Unit filename="/home/arne/CLionProjects/planner/src/VAL/Action.cpp">
			<Option target="parser"/>
		</Unit>
		<Unit filename="/home/arne/CLionProjects/planner/src/VAL/DebugWriteController.cpp">
			<Option target="parser"/>
		</Unit>
		<Unit filename="/home/arne/CLionProjects/planner/src/VAL/Environment.cpp">
			<Option target="parser"/>
		</Unit>
		<Unit filename="/home/arne/CLionProjects/planner/src/VAL/Events.cpp">
			<Option target="parser"/>
		</Unit>
		<Unit filename="/home/arne/CLionProjects/planner/src/VAL/FastEnvironment.cpp">
			<Option target="parser"/>
		</Unit>
		<Unit filename="/home/arne/CLionProjects/planner/src/VAL/FuncAnalysis.cpp">
			<Option target="parser"/>
		</Unit>
		<Unit filename="/home/arne/CLionProjects/planner/src/VAL/FuncExp.cpp">
			<Option target="parser"/>
		</Unit>
		<Unit filename="/home/arne/CLionProjects/planner/src/VAL/LaTeXSupport.cpp">
			<Option target="parser"/>
		</Unit>
		<Unit filename="/home/arne/CLionProjects/planner/src/VAL/Ownership.cpp">
			<Option target="parser"/>
		</Unit>
		<Unit filename="/home/arne/CLionProjects/planner/src/VAL/Plan.cpp">
			<Option target="parser"/>
		</Unit>
		<Unit filename="/home/arne/CLionProjects/planner/src/VAL/Polynomial.cpp">
			<Option target="parser"/>
		</Unit>
		<Unit filename="/home/arne/CLionProjects/planner/src/VAL/PrettyPrinter.cpp">
			<Option target="parser"/>
		</Unit>
		<Unit filename="/home/arne/CLionProjects/planner/src/VAL/Proposition.cpp">
			<Option target="parser"/>
		</Unit>
		<Unit filename="/home/arne/CLionProjects/planner/src/VAL/RepairAdvice.cpp">
			<Option target="parser"/>
		</Unit>
		<Unit filename="/home/arne/CLionProjects/planner/src/VAL/RobustAnalyse.cpp">
			<Option target="parser"/>
		</Unit>
		<Unit filename="/home/arne/CLionProjects/planner/src/VAL/SASActions.cpp">
			<Option target="parser"/>
		</Unit>
		<Unit filename="/home/arne/CLionProjects/planner/src/VAL/SimpleEval.cpp">
			<Option target="parser"/>
		</Unit>
		<Unit filename="/home/arne/CLionProjects/planner/src/VAL/State.cpp">
			<Option target="parser"/>
		</Unit>
		<Unit filename="/home/arne/CLionProjects/planner/src/VAL/TIM.cpp">
			<Option target="parser"/>
		</Unit>
		<Unit filename="/home/arne/CLionProjects/planner/src/VAL/TimSupport.cpp">
			<Option target="parser"/>
		</Unit>
		<Unit filename="/home/arne/CLionProjects/planner/src/VAL/ToFunction.cpp">
			<Option target="parser"/>
		</Unit>
		<Unit filename="/home/arne/CLionProjects/planner/src/VAL/TrajectoryConstraints.cpp">
			<Option target="parser"/>
		</Unit>
		<Unit filename="/home/arne/CLionProjects/planner/src/VAL/TypedAnalyser.cpp">
			<Option target="parser"/>
		</Unit>
		<Unit filename="/home/arne/CLionProjects/planner/src/VAL/Utils.cpp">
			<Option target="parser"/>
		</Unit>
		<Unit filename="/home/arne/CLionProjects/planner/src/VAL/Validator.cpp">
			<Option target="parser"/>
		</Unit>
		<Unit filename="/home/arne/CLionProjects/planner/src/VAL/instantiation.cpp">
			<Option target="parser"/>
		</Unit>
		<Unit filename="/home/arne/CLionProjects/planner/src/VAL/pddl+.cpp">
			<Option target="parser"/>
		</Unit>
		<Unit filename="/home/arne/CLionProjects/planner/src/VAL/ptree.cpp">
			<Option target="parser"/>
		</Unit>
		<Unit filename="/home/arne/CLionProjects/planner/src/VAL/random.cpp">
			<Option target="parser"/>
		</Unit>
		<Unit filename="/home/arne/CLionProjects/planner/src/VAL/typecheck.cpp">
			<Option target="parser"/>
		</Unit>
		<Unit filename="/home/arne/CLionProjects/planner/src/csp_test.cpp">
			<Option target="csp_test"/>
		</Unit>
		<Unit filename="/home/arne/CLionProjects/planner/src/ourParser.cpp">
			<Option target="ourParser"/>
		</Unit>
		<Unit filename="/home/arne/CLionProjects/planner/src/ourParser.h">
			<Option target="ourParser"/>
		</Unit>
		<Unit filename="/home/arne/CLionProjects/planner/src/parser_test.cpp">
			<Option target="parser_test"/>
		</Unit>
		<Unit filename="/home/arne/CLionProjects/planner/src/solver.cpp">
			<Option target="solver"/>
		</Unit>
		<Unit filename="/home/arne/CLionProjects/planner/CMakeLists.txt">
			<Option virtualFolder="CMake Files\"/>
		</Unit>
	</Project>
</CodeBlocks_project_file>
